// !$*UTF8*$!
{
	archiveVersion = 1;
	classes = {
	};
	objectVersion = 46;
	objects = {

/* Begin PBXBuildFile section */
		7DE48A4A8D9D24D4D911F5CB /* libPods.a in Frameworks */ = {isa = PBXBuildFile; fileRef = 0CD2231F62A9C8B7D8F1206A /* libPods.a */; };
		C90824E61A8459A200A40C71 /* MCPartMouth.swift in Sources */ = {isa = PBXBuildFile; fileRef = C90824DD1A8459A200A40C71 /* MCPartMouth.swift */; };
		C90824E81A8459A200A40C71 /* MCPart.swift in Sources */ = {isa = PBXBuildFile; fileRef = C90824DF1A8459A200A40C71 /* MCPart.swift */; };
		C90824E91A8459A200A40C71 /* MCPartStuff.swift in Sources */ = {isa = PBXBuildFile; fileRef = C90824E01A8459A200A40C71 /* MCPartStuff.swift */; };
		C90824EA1A8459A200A40C71 /* MCPartLeg.swift in Sources */ = {isa = PBXBuildFile; fileRef = C90824E11A8459A200A40C71 /* MCPartLeg.swift */; };
		C90824EB1A8459A200A40C71 /* MCPartHat.swift in Sources */ = {isa = PBXBuildFile; fileRef = C90824E21A8459A200A40C71 /* MCPartHat.swift */; };
		C90824EC1A8459A200A40C71 /* MCPartEye.swift in Sources */ = {isa = PBXBuildFile; fileRef = C90824E31A8459A200A40C71 /* MCPartEye.swift */; };
		C90824ED1A8459A200A40C71 /* PartType.swift in Sources */ = {isa = PBXBuildFile; fileRef = C90824E41A8459A200A40C71 /* PartType.swift */; };
		C90824EE1A8459A200A40C71 /* MCPartBody.swift in Sources */ = {isa = PBXBuildFile; fileRef = C90824E51A8459A200A40C71 /* MCPartBody.swift */; };
		C90824F21A8459B100A40C71 /* MonsterModel.swift in Sources */ = {isa = PBXBuildFile; fileRef = C90824F01A8459B100A40C71 /* MonsterModel.swift */; };
		C90824F41A845C6100A40C71 /* MCPartLimb.swift in Sources */ = {isa = PBXBuildFile; fileRef = C90824F31A845C6100A40C71 /* MCPartLimb.swift */; };
		C965A80C1A8F3440003FC0C7 /* AnimatorModel.swift in Sources */ = {isa = PBXBuildFile; fileRef = C965A80B1A8F3440003FC0C7 /* AnimatorModel.swift */; };
		C9703D4C1A79BFAA00521E4A /* Array+Random.swift in Sources */ = {isa = PBXBuildFile; fileRef = C9703D4B1A79BFAA00521E4A /* Array+Random.swift */; };
		C979B90C1A884F090055607A /* Images.xcassets in Resources */ = {isa = PBXBuildFile; fileRef = C979B90B1A884F090055607A /* Images.xcassets */; };
		C99E23D71A9309C800651B12 /* AnimationModel.xcdatamodeld in Sources */ = {isa = PBXBuildFile; fileRef = C99E23D51A9309C800651B12 /* AnimationModel.xcdatamodeld */; };
		C99E23D91A930CA900651B12 /* AnimationDetails.swift in Sources */ = {isa = PBXBuildFile; fileRef = C99E23D81A930CA900651B12 /* AnimationDetails.swift */; };
		C99E23DB1A930CAA00651B12 /* Animation.swift in Sources */ = {isa = PBXBuildFile; fileRef = C99E23DA1A930CAA00651B12 /* Animation.swift */; };
		C9B4A4051A814137007A1591 /* flap.wav in Resources */ = {isa = PBXBuildFile; fileRef = C9B4A4041A814137007A1591 /* flap.wav */; };
		C9B4A4231A814931007A1591 /* MCAnimationComp.swift in Sources */ = {isa = PBXBuildFile; fileRef = C9B4A4201A814931007A1591 /* MCAnimationComp.swift */; };
		C9CC2D6D1A84653B00F8E1A3 /* MCPartArm.swift in Sources */ = {isa = PBXBuildFile; fileRef = C9CC2D6C1A84653B00F8E1A3 /* MCPartArm.swift */; };
		C9CCC59D1A8C37C90032DEA6 /* AnimListController.swift in Sources */ = {isa = PBXBuildFile; fileRef = C9CCC59C1A8C37C90032DEA6 /* AnimListController.swift */; };
		C9CD8A951A682DD700284D33 /* FlapTitleView.swift in Sources */ = {isa = PBXBuildFile; fileRef = C9CD8A941A682DD700284D33 /* FlapTitleView.swift */; };
		C9CD8A971A68324B00284D33 /* GameModel.swift in Sources */ = {isa = PBXBuildFile; fileRef = C9CD8A961A68324B00284D33 /* GameModel.swift */; };
		C9D09C161A8C9A290073B235 /* AnimMakerController.swift in Sources */ = {isa = PBXBuildFile; fileRef = C9D09C151A8C9A290073B235 /* AnimMakerController.swift */; };
		C9D476811A5F064300705452 /* AppDelegate.swift in Sources */ = {isa = PBXBuildFile; fileRef = C9D476801A5F064300705452 /* AppDelegate.swift */; };
		C9D476831A5F064300705452 /* GameScene.sks in Resources */ = {isa = PBXBuildFile; fileRef = C9D476821A5F064300705452 /* GameScene.sks */; };
		C9D476851A5F064300705452 /* GameScene.swift in Sources */ = {isa = PBXBuildFile; fileRef = C9D476841A5F064300705452 /* GameScene.swift */; };
		C9D476871A5F064300705452 /* GameViewController.swift in Sources */ = {isa = PBXBuildFile; fileRef = C9D476861A5F064300705452 /* GameViewController.swift */; };
		C9D4768A1A5F064300705452 /* Main.storyboard in Resources */ = {isa = PBXBuildFile; fileRef = C9D476881A5F064300705452 /* Main.storyboard */; };
		C9D4768F1A5F064300705452 /* LaunchScreen.xib in Resources */ = {isa = PBXBuildFile; fileRef = C9D4768D1A5F064300705452 /* LaunchScreen.xib */; };
		C9D476A51A5F072D00705452 /* CGPoint+Assimilation.swift in Sources */ = {isa = PBXBuildFile; fileRef = C9D476A41A5F072D00705452 /* CGPoint+Assimilation.swift */; };
		C9D476A71A5F074100705452 /* Convenience.swift in Sources */ = {isa = PBXBuildFile; fileRef = C9D476A61A5F074100705452 /* Convenience.swift */; };
		C9EB7C991A8DEAA800F10BD5 /* AnimPreviewController.swift in Sources */ = {isa = PBXBuildFile; fileRef = C9EB7C981A8DEAA800F10BD5 /* AnimPreviewController.swift */; };
/* End PBXBuildFile section */

/* Begin PBXFileReference section */
		0CD2231F62A9C8B7D8F1206A /* libPods.a */ = {isa = PBXFileReference; explicitFileType = archive.ar; includeInIndex = 0; path = libPods.a; sourceTree = BUILT_PRODUCTS_DIR; };
		2DC629D665ED4A6649D28AE0 /* Pods.release.xcconfig */ = {isa = PBXFileReference; includeInIndex = 1; lastKnownFileType = text.xcconfig; name = Pods.release.xcconfig; path = "Pods/Target Support Files/Pods/Pods.release.xcconfig"; sourceTree = "<group>"; };
		BA5E625532577925DC5FDB87 /* Pods.debug.xcconfig */ = {isa = PBXFileReference; includeInIndex = 1; lastKnownFileType = text.xcconfig; name = Pods.debug.xcconfig; path = "Pods/Target Support Files/Pods/Pods.debug.xcconfig"; sourceTree = "<group>"; };
		C90824DD1A8459A200A40C71 /* MCPartMouth.swift */ = {isa = PBXFileReference; fileEncoding = 4; lastKnownFileType = sourcecode.swift; path = MCPartMouth.swift; sourceTree = "<group>"; };
		C90824DF1A8459A200A40C71 /* MCPart.swift */ = {isa = PBXFileReference; fileEncoding = 4; lastKnownFileType = sourcecode.swift; path = MCPart.swift; sourceTree = "<group>"; };
		C90824E01A8459A200A40C71 /* MCPartStuff.swift */ = {isa = PBXFileReference; fileEncoding = 4; lastKnownFileType = sourcecode.swift; path = MCPartStuff.swift; sourceTree = "<group>"; };
		C90824E11A8459A200A40C71 /* MCPartLeg.swift */ = {isa = PBXFileReference; fileEncoding = 4; lastKnownFileType = sourcecode.swift; path = MCPartLeg.swift; sourceTree = "<group>"; };
		C90824E21A8459A200A40C71 /* MCPartHat.swift */ = {isa = PBXFileReference; fileEncoding = 4; lastKnownFileType = sourcecode.swift; path = MCPartHat.swift; sourceTree = "<group>"; };
		C90824E31A8459A200A40C71 /* MCPartEye.swift */ = {isa = PBXFileReference; fileEncoding = 4; lastKnownFileType = sourcecode.swift; path = MCPartEye.swift; sourceTree = "<group>"; };
		C90824E41A8459A200A40C71 /* PartType.swift */ = {isa = PBXFileReference; fileEncoding = 4; lastKnownFileType = sourcecode.swift; path = PartType.swift; sourceTree = "<group>"; };
		C90824E51A8459A200A40C71 /* MCPartBody.swift */ = {isa = PBXFileReference; fileEncoding = 4; lastKnownFileType = sourcecode.swift; path = MCPartBody.swift; sourceTree = "<group>"; };
		C90824F01A8459B100A40C71 /* MonsterModel.swift */ = {isa = PBXFileReference; fileEncoding = 4; lastKnownFileType = sourcecode.swift; path = MonsterModel.swift; sourceTree = "<group>"; };
		C90824F31A845C6100A40C71 /* MCPartLimb.swift */ = {isa = PBXFileReference; fileEncoding = 4; lastKnownFileType = sourcecode.swift; path = MCPartLimb.swift; sourceTree = "<group>"; };
		C965A80B1A8F3440003FC0C7 /* AnimatorModel.swift */ = {isa = PBXFileReference; fileEncoding = 4; lastKnownFileType = sourcecode.swift; path = AnimatorModel.swift; sourceTree = "<group>"; };
		C9703D4B1A79BFAA00521E4A /* Array+Random.swift */ = {isa = PBXFileReference; fileEncoding = 4; lastKnownFileType = sourcecode.swift; path = "Array+Random.swift"; sourceTree = "<group>"; };
		C979B90B1A884F090055607A /* Images.xcassets */ = {isa = PBXFileReference; lastKnownFileType = folder.assetcatalog; name = Images.xcassets; path = 458Bird/Images.xcassets; sourceTree = "<group>"; };
		C99E23D41A9306F500651B12 /* 458Bird-Bridging-Header.h */ = {isa = PBXFileReference; lastKnownFileType = sourcecode.c.h; path = "458Bird-Bridging-Header.h"; sourceTree = "<group>"; };
		C99E23D61A9309C800651B12 /* AnimationModel.xcdatamodel */ = {isa = PBXFileReference; lastKnownFileType = wrapper.xcdatamodel; path = AnimationModel.xcdatamodel; sourceTree = "<group>"; };
		C99E23D81A930CA900651B12 /* AnimationDetails.swift */ = {isa = PBXFileReference; fileEncoding = 4; lastKnownFileType = sourcecode.swift; path = AnimationDetails.swift; sourceTree = "<group>"; };
		C99E23DA1A930CAA00651B12 /* Animation.swift */ = {isa = PBXFileReference; fileEncoding = 4; lastKnownFileType = sourcecode.swift; path = Animation.swift; sourceTree = "<group>"; };
		C9B4A4041A814137007A1591 /* flap.wav */ = {isa = PBXFileReference; lastKnownFileType = audio.wav; name = flap.wav; path = 458Bird/resources/flap.wav; sourceTree = "<group>"; };
		C9B4A4201A814931007A1591 /* MCAnimationComp.swift */ = {isa = PBXFileReference; fileEncoding = 4; lastKnownFileType = sourcecode.swift; path = MCAnimationComp.swift; sourceTree = "<group>"; };
		C9CC2D6C1A84653B00F8E1A3 /* MCPartArm.swift */ = {isa = PBXFileReference; fileEncoding = 4; lastKnownFileType = sourcecode.swift; path = MCPartArm.swift; sourceTree = "<group>"; };
		C9CCC59C1A8C37C90032DEA6 /* AnimListController.swift */ = {isa = PBXFileReference; fileEncoding = 4; lastKnownFileType = sourcecode.swift; path = AnimListController.swift; sourceTree = "<group>"; };
		C9CD8A941A682DD700284D33 /* FlapTitleView.swift */ = {isa = PBXFileReference; fileEncoding = 4; lastKnownFileType = sourcecode.swift; path = FlapTitleView.swift; sourceTree = "<group>"; };
		C9CD8A961A68324B00284D33 /* GameModel.swift */ = {isa = PBXFileReference; fileEncoding = 4; lastKnownFileType = sourcecode.swift; path = GameModel.swift; sourceTree = "<group>"; };
		C9D09C151A8C9A290073B235 /* AnimMakerController.swift */ = {isa = PBXFileReference; fileEncoding = 4; lastKnownFileType = sourcecode.swift; path = AnimMakerController.swift; sourceTree = "<group>"; };
		C9D4767B1A5F064300705452 /* MonsterMe.app */ = {isa = PBXFileReference; explicitFileType = wrapper.application; includeInIndex = 0; path = MonsterMe.app; sourceTree = BUILT_PRODUCTS_DIR; };
		C9D4767F1A5F064300705452 /* Info.plist */ = {isa = PBXFileReference; lastKnownFileType = text.plist.xml; path = Info.plist; sourceTree = "<group>"; };
		C9D476801A5F064300705452 /* AppDelegate.swift */ = {isa = PBXFileReference; lastKnownFileType = sourcecode.swift; path = AppDelegate.swift; sourceTree = "<group>"; };
		C9D476821A5F064300705452 /* GameScene.sks */ = {isa = PBXFileReference; lastKnownFileType = file.sks; path = GameScene.sks; sourceTree = "<group>"; };
		C9D476841A5F064300705452 /* GameScene.swift */ = {isa = PBXFileReference; lastKnownFileType = sourcecode.swift; path = GameScene.swift; sourceTree = "<group>"; };
		C9D476861A5F064300705452 /* GameViewController.swift */ = {isa = PBXFileReference; lastKnownFileType = sourcecode.swift; path = GameViewController.swift; sourceTree = "<group>"; };
		C9D476891A5F064300705452 /* Base */ = {isa = PBXFileReference; lastKnownFileType = file.storyboard; name = Base; path = Base.lproj/Main.storyboard; sourceTree = "<group>"; };
		C9D4768E1A5F064300705452 /* Base */ = {isa = PBXFileReference; lastKnownFileType = file.xib; name = Base; path = Base.lproj/LaunchScreen.xib; sourceTree = "<group>"; };
		C9D476991A5F064300705452 /* Info.plist */ = {isa = PBXFileReference; lastKnownFileType = text.plist.xml; path = Info.plist; sourceTree = "<group>"; };
		C9D4769A1A5F064300705452 /* _58BirdTests.swift */ = {isa = PBXFileReference; lastKnownFileType = sourcecode.swift; path = _58BirdTests.swift; sourceTree = "<group>"; };
		C9D476A41A5F072D00705452 /* CGPoint+Assimilation.swift */ = {isa = PBXFileReference; fileEncoding = 4; lastKnownFileType = sourcecode.swift; name = "CGPoint+Assimilation.swift"; path = "458Bird/CGPoint+Assimilation.swift"; sourceTree = "<group>"; };
		C9D476A61A5F074100705452 /* Convenience.swift */ = {isa = PBXFileReference; fileEncoding = 4; lastKnownFileType = sourcecode.swift; name = Convenience.swift; path = 458Bird/Convenience.swift; sourceTree = "<group>"; };
		C9EB7C981A8DEAA800F10BD5 /* AnimPreviewController.swift */ = {isa = PBXFileReference; fileEncoding = 4; lastKnownFileType = sourcecode.swift; path = AnimPreviewController.swift; sourceTree = "<group>"; };
/* End PBXFileReference section */

/* Begin PBXFrameworksBuildPhase section */
		C9D476781A5F064300705452 /* Frameworks */ = {
			isa = PBXFrameworksBuildPhase;
			buildActionMask = 2147483647;
			files = (
				7DE48A4A8D9D24D4D911F5CB /* libPods.a in Frameworks */,
			);
			runOnlyForDeploymentPostprocessing = 0;
		};
/* End PBXFrameworksBuildPhase section */

/* Begin PBXGroup section */
		6A9A5BBB2876A055C9AFF1EA /* Frameworks */ = {
			isa = PBXGroup;
			children = (
				0CD2231F62A9C8B7D8F1206A /* libPods.a */,
			);
			name = Frameworks;
			sourceTree = "<group>";
		};
		AC34608DA68FDADF0BE92C18 /* Pods */ = {
			isa = PBXGroup;
			children = (
				BA5E625532577925DC5FDB87 /* Pods.debug.xcconfig */,
				2DC629D665ED4A6649D28AE0 /* Pods.release.xcconfig */,
			);
			name = Pods;
			sourceTree = "<group>";
		};
		C94E510A1A84A5EF00784B18 /* Game MVC */ = {
			isa = PBXGroup;
			children = (
				C9D476841A5F064300705452 /* GameScene.swift */,
				C9D476861A5F064300705452 /* GameViewController.swift */,
				C9CD8A961A68324B00284D33 /* GameModel.swift */,
			);
			name = "Game MVC";
			sourceTree = "<group>";
		};
		C9703D211A78788500521E4A /* Monster Classes */ = {
			isa = PBXGroup;
			children = (
				C90824F01A8459B100A40C71 /* MonsterModel.swift */,
				C9B4A4201A814931007A1591 /* MCAnimationComp.swift */,
				C9703D3A1A787BF700521E4A /* Monster Parts */,
			);
			name = "Monster Classes";
			sourceTree = "<group>";
		};
		C9703D3A1A787BF700521E4A /* Monster Parts */ = {
			isa = PBXGroup;
			children = (
				C90824DD1A8459A200A40C71 /* MCPartMouth.swift */,
				C90824DF1A8459A200A40C71 /* MCPart.swift */,
				C90824E01A8459A200A40C71 /* MCPartStuff.swift */,
				C90824E11A8459A200A40C71 /* MCPartLeg.swift */,
				C90824E21A8459A200A40C71 /* MCPartHat.swift */,
				C90824E31A8459A200A40C71 /* MCPartEye.swift */,
				C90824E41A8459A200A40C71 /* PartType.swift */,
				C90824E51A8459A200A40C71 /* MCPartBody.swift */,
				C90824F31A845C6100A40C71 /* MCPartLimb.swift */,
				C9CC2D6C1A84653B00F8E1A3 /* MCPartArm.swift */,
			);
			name = "Monster Parts";
			sourceTree = "<group>";
		};
		C9703D4A1A79BF9D00521E4A /* Convenience */ = {
			isa = PBXGroup;
			children = (
				C9D476A41A5F072D00705452 /* CGPoint+Assimilation.swift */,
				C9D476A61A5F074100705452 /* Convenience.swift */,
				C9703D4B1A79BFAA00521E4A /* Array+Random.swift */,
			);
			name = Convenience;
			sourceTree = "<group>";
		};
		C9B4A4031A814122007A1591 /* resources */ = {
			isa = PBXGroup;
			children = (
				C9B4A4041A814137007A1591 /* flap.wav */,
			);
			name = resources;
			sourceTree = "<group>";
		};
		C9CCC59B1A8C37A30032DEA6 /* Animation Maker */ = {
			isa = PBXGroup;
			children = (
				C9CCC59C1A8C37C90032DEA6 /* AnimListController.swift */,
				C9D09C151A8C9A290073B235 /* AnimMakerController.swift */,
				C9EB7C981A8DEAA800F10BD5 /* AnimPreviewController.swift */,
				C965A80B1A8F3440003FC0C7 /* AnimatorModel.swift */,
			);
			name = "Animation Maker";
			sourceTree = "<group>";
		};
		C9D476721A5F064300705452 = {
			isa = PBXGroup;
			children = (
				C99E23D51A9309C800651B12 /* AnimationModel.xcdatamodeld */,
				C99E23DA1A930CAA00651B12 /* Animation.swift */,
				C99E23D81A930CA900651B12 /* AnimationDetails.swift */,
				C99E23D41A9306F500651B12 /* 458Bird-Bridging-Header.h */,
				C979B90B1A884F090055607A /* Images.xcassets */,
				C9B4A4031A814122007A1591 /* resources */,
				C9703D4A1A79BF9D00521E4A /* Convenience */,
				C9D4767D1A5F064300705452 /* 458Bird */,
				C9D476971A5F064300705452 /* 458BirdTests */,
				C9D4767C1A5F064300705452 /* Products */,
				AC34608DA68FDADF0BE92C18 /* Pods */,
				6A9A5BBB2876A055C9AFF1EA /* Frameworks */,
			);
			sourceTree = "<group>";
		};
		C9D4767C1A5F064300705452 /* Products */ = {
			isa = PBXGroup;
			children = (
				C9D4767B1A5F064300705452 /* MonsterMe.app */,
			);
			name = Products;
			sourceTree = "<group>";
		};
		C9D4767D1A5F064300705452 /* 458Bird */ = {
			isa = PBXGroup;
			children = (
				C9CCC59B1A8C37A30032DEA6 /* Animation Maker */,
				C9703D211A78788500521E4A /* Monster Classes */,
				C9D476801A5F064300705452 /* AppDelegate.swift */,
				C9D476821A5F064300705452 /* GameScene.sks */,
				C94E510A1A84A5EF00784B18 /* Game MVC */,
				C9D476881A5F064300705452 /* Main.storyboard */,
				C9D4768D1A5F064300705452 /* LaunchScreen.xib */,
				C9D4767E1A5F064300705452 /* Supporting Files */,
				C9CD8A941A682DD700284D33 /* FlapTitleView.swift */,
			);
			path = 458Bird;
			sourceTree = "<group>";
		};
		C9D4767E1A5F064300705452 /* Supporting Files */ = {
			isa = PBXGroup;
			children = (
				C9D4767F1A5F064300705452 /* Info.plist */,
			);
			name = "Supporting Files";
			sourceTree = "<group>";
		};
		C9D476971A5F064300705452 /* 458BirdTests */ = {
			isa = PBXGroup;
			children = (
				C9D4769A1A5F064300705452 /* _58BirdTests.swift */,
				C9D476981A5F064300705452 /* Supporting Files */,
			);
			path = 458BirdTests;
			sourceTree = "<group>";
		};
		C9D476981A5F064300705452 /* Supporting Files */ = {
			isa = PBXGroup;
			children = (
				C9D476991A5F064300705452 /* Info.plist */,
			);
			name = "Supporting Files";
			sourceTree = "<group>";
		};
/* End PBXGroup section */

/* Begin PBXNativeTarget section */
		C9D4767A1A5F064300705452 /* MonsterMe */ = {
			isa = PBXNativeTarget;
			buildConfigurationList = C9D4769E1A5F064300705452 /* Build configuration list for PBXNativeTarget "MonsterMe" */;
			buildPhases = (
				709707CAA489FC6F5ADD15DF /* Check Pods Manifest.lock */,
				C9D476771A5F064300705452 /* Sources */,
				C9D476781A5F064300705452 /* Frameworks */,
				C9D476791A5F064300705452 /* Resources */,
				E88A1A1BE6BE830A723D8128 /* Copy Pods Resources */,
			);
			buildRules = (
			);
			dependencies = (
			);
			name = MonsterMe;
			productName = 458Bird;
			productReference = C9D4767B1A5F064300705452 /* MonsterMe.app */;
			productType = "com.apple.product-type.application";
		};
/* End PBXNativeTarget section */

/* Begin PBXProject section */
		C9D476731A5F064300705452 /* Project object */ = {
			isa = PBXProject;
			attributes = {
				LastUpgradeCheck = 0610;
				ORGANIZATIONNAME = "Elliot Fiske";
				TargetAttributes = {
					C9D4767A1A5F064300705452 = {
						CreatedOnToolsVersion = 6.1.1;
					};
				};
			};
			buildConfigurationList = C9D476761A5F064300705452 /* Build configuration list for PBXProject "MonsterMe" */;
			compatibilityVersion = "Xcode 3.2";
			developmentRegion = English;
			hasScannedForEncodings = 0;
			knownRegions = (
				en,
				Base,
			);
			mainGroup = C9D476721A5F064300705452;
			productRefGroup = C9D4767C1A5F064300705452 /* Products */;
			projectDirPath = "";
			projectRoot = "";
			targets = (
				C9D4767A1A5F064300705452 /* MonsterMe */,
			);
		};
/* End PBXProject section */

/* Begin PBXResourcesBuildPhase section */
		C9D476791A5F064300705452 /* Resources */ = {
			isa = PBXResourcesBuildPhase;
			buildActionMask = 2147483647;
			files = (
				C9D4768F1A5F064300705452 /* LaunchScreen.xib in Resources */,
				C979B90C1A884F090055607A /* Images.xcassets in Resources */,
				C9D476831A5F064300705452 /* GameScene.sks in Resources */,
				C9B4A4051A814137007A1591 /* flap.wav in Resources */,
				C9D4768A1A5F064300705452 /* Main.storyboard in Resources */,
			);
			runOnlyForDeploymentPostprocessing = 0;
		};
/* End PBXResourcesBuildPhase section */

/* Begin PBXShellScriptBuildPhase section */
		709707CAA489FC6F5ADD15DF /* Check Pods Manifest.lock */ = {
			isa = PBXShellScriptBuildPhase;
			buildActionMask = 2147483647;
			files = (
			);
			inputPaths = (
			);
			name = "Check Pods Manifest.lock";
			outputPaths = (
			);
			runOnlyForDeploymentPostprocessing = 0;
			shellPath = /bin/sh;
			shellScript = "diff \"${PODS_ROOT}/../Podfile.lock\" \"${PODS_ROOT}/Manifest.lock\" > /dev/null\nif [[ $? != 0 ]] ; then\n    cat << EOM\nerror: The sandbox is not in sync with the Podfile.lock. Run 'pod install' or update your CocoaPods installation.\nEOM\n    exit 1\nfi\n";
			showEnvVarsInLog = 0;
		};
		E88A1A1BE6BE830A723D8128 /* Copy Pods Resources */ = {
			isa = PBXShellScriptBuildPhase;
			buildActionMask = 2147483647;
			files = (
			);
			inputPaths = (
			);
			name = "Copy Pods Resources";
			outputPaths = (
			);
			runOnlyForDeploymentPostprocessing = 0;
			shellPath = /bin/sh;
			shellScript = "\"${SRCROOT}/Pods/Target Support Files/Pods/Pods-resources.sh\"\n";
			showEnvVarsInLog = 0;
		};
/* End PBXShellScriptBuildPhase section */

/* Begin PBXSourcesBuildPhase section */
		C9D476771A5F064300705452 /* Sources */ = {
			isa = PBXSourcesBuildPhase;
			buildActionMask = 2147483647;
			files = (
				C90824EE1A8459A200A40C71 /* MCPartBody.swift in Sources */,
				C90824E61A8459A200A40C71 /* MCPartMouth.swift in Sources */,
				C90824EA1A8459A200A40C71 /* MCPartLeg.swift in Sources */,
				C9B4A4231A814931007A1591 /* MCAnimationComp.swift in Sources */,
				C9CC2D6D1A84653B00F8E1A3 /* MCPartArm.swift in Sources */,
				C99E23D91A930CA900651B12 /* AnimationDetails.swift in Sources */,
				C90824E91A8459A200A40C71 /* MCPartStuff.swift in Sources */,
				C99E23DB1A930CAA00651B12 /* Animation.swift in Sources */,
				C90824EC1A8459A200A40C71 /* MCPartEye.swift in Sources */,
				C9CCC59D1A8C37C90032DEA6 /* AnimListController.swift in Sources */,
				C9CD8A951A682DD700284D33 /* FlapTitleView.swift in Sources */,
				C9D476851A5F064300705452 /* GameScene.swift in Sources */,
				C965A80C1A8F3440003FC0C7 /* AnimatorModel.swift in Sources */,
				C9D476A71A5F074100705452 /* Convenience.swift in Sources */,
				C9D476A51A5F072D00705452 /* CGPoint+Assimilation.swift in Sources */,
				C99E23D71A9309C800651B12 /* AnimationModel.xcdatamodeld in Sources */,
				C90824ED1A8459A200A40C71 /* PartType.swift in Sources */,
				C90824F41A845C6100A40C71 /* MCPartLimb.swift in Sources */,
				C9EB7C991A8DEAA800F10BD5 /* AnimPreviewController.swift in Sources */,
				C9D09C161A8C9A290073B235 /* AnimMakerController.swift in Sources */,
				C90824E81A8459A200A40C71 /* MCPart.swift in Sources */,
				C9703D4C1A79BFAA00521E4A /* Array+Random.swift in Sources */,
				C9D476871A5F064300705452 /* GameViewController.swift in Sources */,
				C9CD8A971A68324B00284D33 /* GameModel.swift in Sources */,
				C9D476811A5F064300705452 /* AppDelegate.swift in Sources */,
				C90824F21A8459B100A40C71 /* MonsterModel.swift in Sources */,
				C90824EB1A8459A200A40C71 /* MCPartHat.swift in Sources */,
			);
			runOnlyForDeploymentPostprocessing = 0;
		};
/* End PBXSourcesBuildPhase section */

/* Begin PBXVariantGroup section */
		C9D476881A5F064300705452 /* Main.storyboard */ = {
			isa = PBXVariantGroup;
			children = (
				C9D476891A5F064300705452 /* Base */,
			);
			name = Main.storyboard;
			sourceTree = "<group>";
		};
		C9D4768D1A5F064300705452 /* LaunchScreen.xib */ = {
			isa = PBXVariantGroup;
			children = (
				C9D4768E1A5F064300705452 /* Base */,
			);
			name = LaunchScreen.xib;
			sourceTree = "<group>";
		};
/* End PBXVariantGroup section */

/* Begin XCBuildConfiguration section */
		C9D4769C1A5F064300705452 /* Debug */ = {
			isa = XCBuildConfiguration;
			buildSettings = {
				ALWAYS_SEARCH_USER_PATHS = NO;
				CLANG_CXX_LANGUAGE_STANDARD = "gnu++0x";
				CLANG_CXX_LIBRARY = "libc++";
				CLANG_ENABLE_MODULES = YES;
				CLANG_ENABLE_OBJC_ARC = YES;
				CLANG_WARN_BOOL_CONVERSION = YES;
				CLANG_WARN_CONSTANT_CONVERSION = YES;
				CLANG_WARN_DIRECT_OBJC_ISA_USAGE = YES_ERROR;
				CLANG_WARN_EMPTY_BODY = YES;
				CLANG_WARN_ENUM_CONVERSION = YES;
				CLANG_WARN_INT_CONVERSION = YES;
				CLANG_WARN_OBJC_ROOT_CLASS = YES_ERROR;
				CLANG_WARN_UNREACHABLE_CODE = YES;
				CLANG_WARN__DUPLICATE_METHOD_MATCH = YES;
				"CODE_SIGN_IDENTITY[sdk=iphoneos*]" = "iPhone Developer";
				COPY_PHASE_STRIP = NO;
				ENABLE_STRICT_OBJC_MSGSEND = YES;
				GCC_C_LANGUAGE_STANDARD = gnu99;
				GCC_DYNAMIC_NO_PIC = NO;
				GCC_OPTIMIZATION_LEVEL = 0;
				GCC_PREPROCESSOR_DEFINITIONS = (
					"DEBUG=1",
					"$(inherited)",
				);
				GCC_SYMBOLS_PRIVATE_EXTERN = NO;
				GCC_WARN_64_TO_32_BIT_CONVERSION = YES;
				GCC_WARN_ABOUT_RETURN_TYPE = YES_ERROR;
				GCC_WARN_UNDECLARED_SELECTOR = YES;
				GCC_WARN_UNINITIALIZED_AUTOS = YES_AGGRESSIVE;
				GCC_WARN_UNUSED_FUNCTION = YES;
				GCC_WARN_UNUSED_VARIABLE = YES;
				IPHONEOS_DEPLOYMENT_TARGET = 8.1;
				MTL_ENABLE_DEBUG_INFO = YES;
				ONLY_ACTIVE_ARCH = YES;
				SDKROOT = iphoneos;
				SWIFT_OBJC_BRIDGING_HEADER = "458Bird-Bridging-Header.h";
				SWIFT_OPTIMIZATION_LEVEL = "-Onone";
				TARGETED_DEVICE_FAMILY = "1,2";
			};
			name = Debug;
		};
		C9D4769D1A5F064300705452 /* Release */ = {
			isa = XCBuildConfiguration;
			buildSettings = {
				ALWAYS_SEARCH_USER_PATHS = NO;
				CLANG_CXX_LANGUAGE_STANDARD = "gnu++0x";
				CLANG_CXX_LIBRARY = "libc++";
				CLANG_ENABLE_MODULES = YES;
				CLANG_ENABLE_OBJC_ARC = YES;
				CLANG_WARN_BOOL_CONVERSION = YES;
				CLANG_WARN_CONSTANT_CONVERSION = YES;
				CLANG_WARN_DIRECT_OBJC_ISA_USAGE = YES_ERROR;
				CLANG_WARN_EMPTY_BODY = YES;
				CLANG_WARN_ENUM_CONVERSION = YES;
				CLANG_WARN_INT_CONVERSION = YES;
				CLANG_WARN_OBJC_ROOT_CLASS = YES_ERROR;
				CLANG_WARN_UNREACHABLE_CODE = YES;
				CLANG_WARN__DUPLICATE_METHOD_MATCH = YES;
				"CODE_SIGN_IDENTITY[sdk=iphoneos*]" = "iPhone Developer";
				COPY_PHASE_STRIP = YES;
				ENABLE_NS_ASSERTIONS = NO;
				ENABLE_STRICT_OBJC_MSGSEND = YES;
				GCC_C_LANGUAGE_STANDARD = gnu99;
				GCC_WARN_64_TO_32_BIT_CONVERSION = YES;
				GCC_WARN_ABOUT_RETURN_TYPE = YES_ERROR;
				GCC_WARN_UNDECLARED_SELECTOR = YES;
				GCC_WARN_UNINITIALIZED_AUTOS = YES_AGGRESSIVE;
				GCC_WARN_UNUSED_FUNCTION = YES;
				GCC_WARN_UNUSED_VARIABLE = YES;
				IPHONEOS_DEPLOYMENT_TARGET = 8.1;
				MTL_ENABLE_DEBUG_INFO = NO;
				SDKROOT = iphoneos;
				SWIFT_OBJC_BRIDGING_HEADER = "458Bird-Bridging-Header.h";
				TARGETED_DEVICE_FAMILY = "1,2";
				VALIDATE_PRODUCT = YES;
			};
			name = Release;
		};
		C9D4769F1A5F064300705452 /* Debug */ = {
			isa = XCBuildConfiguration;
			baseConfigurationReference = BA5E625532577925DC5FDB87 /* Pods.debug.xcconfig */;
			buildSettings = {
				ASSETCATALOG_COMPILER_APPICON_NAME = AppIcon;
				INFOPLIST_FILE = 458Bird/Info.plist;
				LD_RUNPATH_SEARCH_PATHS = "$(inherited) @executable_path/Frameworks";
				PRODUCT_NAME = MonsterMe;
			};
			name = Debug;
		};
		C9D476A01A5F064300705452 /* Release */ = {
			isa = XCBuildConfiguration;
			baseConfigurationReference = 2DC629D665ED4A6649D28AE0 /* Pods.release.xcconfig */;
			buildSettings = {
				ASSETCATALOG_COMPILER_APPICON_NAME = AppIcon;
				INFOPLIST_FILE = 458Bird/Info.plist;
				LD_RUNPATH_SEARCH_PATHS = "$(inherited) @executable_path/Frameworks";
				PRODUCT_NAME = MonsterMe;
			};
			name = Release;
		};
/* End XCBuildConfiguration section */

/* Begin XCConfigurationList section */
		C9D476761A5F064300705452 /* Build configuration list for PBXProject "MonsterMe" */ = {
			isa = XCConfigurationList;
			buildConfigurations = (
				C9D4769C1A5F064300705452 /* Debug */,
				C9D4769D1A5F064300705452 /* Release */,
			);
			defaultConfigurationIsVisible = 0;
			defaultConfigurationName = Release;
		};
		C9D4769E1A5F064300705452 /* Build configuration list for PBXNativeTarget "MonsterMe" */ = {
			isa = XCConfigurationList;
			buildConfigurations = (
				C9D4769F1A5F064300705452 /* Debug */,
				C9D476A01A5F064300705452 /* Release */,
			);
			defaultConfigurationIsVisible = 0;
			defaultConfigurationName = Release;
		};
/* End XCConfigurationList section */

/* Begin XCVersionGroup section */
		C99E23D51A9309C800651B12 /* AnimationModel.xcdatamodeld */ = {
			isa = XCVersionGroup;
			children = (
				C99E23D61A9309C800651B12 /* AnimationModel.xcdatamodel */,
			);
			currentVersion = C99E23D61A9309C800651B12 /* AnimationModel.xcdatamodel */;
			path = AnimationModel.xcdatamodeld;
			sourceTree = "<group>";
			versionGroupType = wrapper.xcdatamodel;
		};
/* End XCVersionGroup section */
	};
	rootObject = C9D476731A5F064300705452 /* Project object */;
}
